
Microsoft Visual Studio Solution File, Format Version 12.00
# Visual Studio 15
VisualStudioVersion = 15.0.28307.168
MinimumVisualStudioVersion = 10.0.40219.1
Project("{FAE04EC0-301F-11D3-BF4B-00C04F79EFBC}") = "Test", "Test\Test.csproj", "{E7860EF8-B396-40AC-A1F8-9E103E42E78A}"
EndProject
Project("{FAE04EC0-301F-11D3-BF4B-00C04F79EFBC}") = "Discordia", "Discordia\Discordia.csproj", "{6A6E9350-5AA3-422C-9084-922A357F678B}"
EndProject
Global
	GlobalSection(SolutionConfigurationPlatforms) = preSolution
		Debug|Any CPU = Debug|Any CPU
		Release|Any CPU = Release|Any CPU
	EndGlobalSection
	GlobalSection(ProjectConfigurationPlatforms) = postSolution
		{E7860EF8-B396-40AC-A1F8-9E103E42E78A}.Debug|Any CPU.ActiveCfg = Debug|Any CPU
		{E7860EF8-B396-40AC-A1F8-9E103E42E78A}.Debug|Any CPU.Build.0 = Debug|Any CPU
		{E7860EF8-B396-40AC-A1F8-9E103E42E78A}.Release|Any CPU.ActiveCfg = Release|Any CPU
		{E7860EF8-B396-40AC-A1F8-9E103E42E78A}.Release|Any CPU.Build.0 = Release|Any CPU
		{6A6E9350-5AA3-422C-9084-922A357F678B}.Debug|Any CPU.ActiveCfg = Debug|Any CPU
		{6A6E9350-5AA3-422C-9084-922A357F678B}.Debug|Any CPU.Build.0 = Debug|Any CPU
		{6A6E9350-5AA3-422C-9084-922A357F678B}.Release|Any CPU.ActiveCfg = Release|Any CPU
		{6A6E9350-5AA3-422C-9084-922A357F678B}.Release|Any CPU.Build.0 = Release|Any CPU
	EndGlobalSection
	GlobalSection(SolutionProperties) = preSolution
		HideSolutionNode = FALSE
	EndGlobalSection
	GlobalSection(ExtensibilityGlobals) = postSolution
		SolutionGuid = {988C26CA-2E1F-4928-B395-2222B15C49F6}
	EndGlobalSection
EndGlobal
